
Microsoft Visual Studio Solution File, Format Version 12.00
# Visual Studio 15
VisualStudioVersion = 15.0.28307.489
MinimumVisualStudioVersion = 10.0.40219.1
Project("{9A19103F-16F7-4668-BE54-9A1E7A4F7556}") = "Infrastructure", "system\Infrastructure\Infrastructure\Infrastructure.csproj", "{3AF0B590-220F-424B-B995-A211A3D20899}"
EndProject
Project("{9A19103F-16F7-4668-BE54-9A1E7A4F7556}") = "BackEnd", "UI\BackEnd\BackEnd.csproj", "{7EA847FB-BE68-43AA-A4AB-4CF3D850EAB1}"
	ProjectSection(ProjectDependencies) = postProject
		{3AF0B590-220F-424B-B995-A211A3D20899} = {3AF0B590-220F-424B-B995-A211A3D20899}
	EndProjectSection
EndProject
Global
	GlobalSection(SolutionConfigurationPlatforms) = preSolution
		Debug|Any CPU = Debug|Any CPU
		Release|Any CPU = Release|Any CPU
	EndGlobalSection
	GlobalSection(ProjectConfigurationPlatforms) = postSolution
		{3AF0B590-220F-424B-B995-A211A3D20899}.Debug|Any CPU.ActiveCfg = Debug|Any CPU
		{3AF0B590-220F-424B-B995-A211A3D20899}.Debug|Any CPU.Build.0 = Debug|Any CPU
		{3AF0B590-220F-424B-B995-A211A3D20899}.Release|Any CPU.ActiveCfg = Release|Any CPU
		{3AF0B590-220F-424B-B995-A211A3D20899}.Release|Any CPU.Build.0 = Release|Any CPU
		{7EA847FB-BE68-43AA-A4AB-4CF3D850EAB1}.Debug|Any CPU.ActiveCfg = Debug|Any CPU
		{7EA847FB-BE68-43AA-A4AB-4CF3D850EAB1}.Debug|Any CPU.Build.0 = Debug|Any CPU
		{7EA847FB-BE68-43AA-A4AB-4CF3D850EAB1}.Release|Any CPU.ActiveCfg = Release|Any CPU
		{7EA847FB-BE68-43AA-A4AB-4CF3D850EAB1}.Release|Any CPU.Build.0 = Release|Any CPU
	EndGlobalSection
	GlobalSection(SolutionProperties) = preSolution
		HideSolutionNode = FALSE
	EndGlobalSection
	GlobalSection(ExtensibilityGlobals) = postSolution
		SolutionGuid = {69ECFEAE-3416-4151-B5A8-E8266E001AFA}
	EndGlobalSection
EndGlobal
